<?xml version="1.0" encoding="utf-8"?>
<Project ToolsVersion="4.0" xmlns="http://schemas.microsoft.com/developer/msbuild/2003">
  <ItemGroup>
    <Filter Include="소스 파일">
      <UniqueIdentifier>{4FC737F1-C7A5-4376-A066-2A32D752A2FF}</UniqueIdentifier>
      <Extensions>cpp;c;cc;cxx;def;odl;idl;hpj;bat;asm;asmx</Extensions>
    </Filter>
    <Filter Include="헤더 파일">
      <UniqueIdentifier>{93995380-89BD-4b04-88EB-625FBE52EBFB}</UniqueIdentifier>
      <Extensions>h;hh;hpp;hxx;hm;inl;inc;ipp;xsd</Extensions>
    </Filter>
    <Filter Include="리소스 파일">
      <UniqueIdentifier>{67DA6AB6-F800-4c08-8B7A-83BB121AAD01}</UniqueIdentifier>
      <Extensions>rc;ico;cur;bmp;dlg;rc2;rct;bin;rgs;gif;jpg;jpeg;jpe;resx;tiff;tif;png;wav;mfcribbon-ms</Extensions>
    </Filter>
    <Filter Include="소스 파일\1">
      <UniqueIdentifier>{2055db09-a919-442e-8c05-1ec49e03fc9c}</UniqueIdentifier>
    </Filter>
    <Filter Include="소스 파일\2">
      <UniqueIdentifier>{8df6f1d0-3230-472d-a133-6e7ba219a65c}</UniqueIdentifier>
    </Filter>
    <Filter Include="소스 파일\3">
      <UniqueIdentifier>{79aebf17-0050-401b-acfe-205d020e4c29}</UniqueIdentifier>
    </Filter>
    <Filter Include="소스 파일\Study">
      <UniqueIdentifier>{5eb6a23a-329f-47d3-bb63-3a76ec0c06df}</UniqueIdentifier>
    </Filter>
    <Filter Include="소스 파일\4">
      <UniqueIdentifier>{a5aebbb7-277a-4394-8276-2275e3d5b78d}</UniqueIdentifier>
    </Filter>
    <Filter Include="소스 파일\5">
      <UniqueIdentifier>{2bbf9a00-86dc-48d4-a605-cd85c2d7c92f}</UniqueIdentifier>
    </Filter>
    <Filter Include="소스 파일\SamSung">
      <UniqueIdentifier>{f221ba13-b32d-476e-bca8-5e90fcc6d90a}</UniqueIdentifier>
    </Filter>
    <Filter Include="소스 파일\icpc">
      <UniqueIdentifier>{c8504cce-f458-4a96-8c93-f5c0bae2c269}</UniqueIdentifier>
    </Filter>
    <Filter Include="소스 파일\Study_2">
      <UniqueIdentifier>{f234fb5c-7461-4ebf-bb19-5e68a756fd25}</UniqueIdentifier>
    </Filter>
    <Filter Include="소스 파일\SW_Expert_Academy">
      <UniqueIdentifier>{56721271-b29b-4221-8926-f1a6b1e2b71e}</UniqueIdentifier>
    </Filter>
  </ItemGroup>
  <ItemGroup>
    <ClCompile Include="1000.cpp">
      <Filter>소스 파일\1</Filter>
    </ClCompile>
    <ClCompile Include="1924.cpp">
      <Filter>소스 파일\1</Filter>
    </ClCompile>
    <ClCompile Include="2438.cpp">
      <Filter>소스 파일\1</Filter>
    </ClCompile>
    <ClCompile Include="2439.cpp">
      <Filter>소스 파일\1</Filter>
    </ClCompile>
    <ClCompile Include="2440.cpp">
      <Filter>소스 파일\1</Filter>
    </ClCompile>
    <ClCompile Include="2441.cpp">
      <Filter>소스 파일\1</Filter>
    </ClCompile>
    <ClCompile Include="2442.cpp">
      <Filter>소스 파일\1</Filter>
    </ClCompile>
    <ClCompile Include="2445.cpp">
      <Filter>소스 파일\1</Filter>
    </ClCompile>
    <ClCompile Include="2446.cpp">
      <Filter>소스 파일\1</Filter>
    </ClCompile>
    <ClCompile Include="2522.cpp">
      <Filter>소스 파일\1</Filter>
    </ClCompile>
    <ClCompile Include="2557.cpp">
      <Filter>소스 파일\1</Filter>
    </ClCompile>
    <ClCompile Include="2558.cpp">
      <Filter>소스 파일\1</Filter>
    </ClCompile>
    <ClCompile Include="2739.cpp">
      <Filter>소스 파일\1</Filter>
    </ClCompile>
    <ClCompile Include="2741.cpp">
      <Filter>소스 파일\1</Filter>
    </ClCompile>
    <ClCompile Include="2742.cpp">
      <Filter>소스 파일\1</Filter>
    </ClCompile>
    <ClCompile Include="8393.cpp">
      <Filter>소스 파일\1</Filter>
    </ClCompile>
    <ClCompile Include="10818.cpp">
      <Filter>소스 파일\1</Filter>
    </ClCompile>
    <ClCompile Include="10950.cpp">
      <Filter>소스 파일\1</Filter>
    </ClCompile>
    <ClCompile Include="10951.cpp">
      <Filter>소스 파일\1</Filter>
    </ClCompile>
    <ClCompile Include="10952.cpp">
      <Filter>소스 파일\1</Filter>
    </ClCompile>
    <ClCompile Include="10953.cpp">
      <Filter>소스 파일\1</Filter>
    </ClCompile>
    <ClCompile Include="10991.cpp">
      <Filter>소스 파일\1</Filter>
    </ClCompile>
    <ClCompile Include="10992.cpp">
      <Filter>소스 파일\1</Filter>
    </ClCompile>
    <ClCompile Include="11021.cpp">
      <Filter>소스 파일\1</Filter>
    </ClCompile>
    <ClCompile Include="11022.cpp">
      <Filter>소스 파일\1</Filter>
    </ClCompile>
    <ClCompile Include="11718.cpp">
      <Filter>소스 파일\1</Filter>
    </ClCompile>
    <ClCompile Include="11719.cpp">
      <Filter>소스 파일\1</Filter>
    </ClCompile>
    <ClCompile Include="11720.cpp">
      <Filter>소스 파일\1</Filter>
    </ClCompile>
    <ClCompile Include="11721.cpp">
      <Filter>소스 파일\1</Filter>
    </ClCompile>
    <ClCompile Include="1463.cpp">
      <Filter>소스 파일\2</Filter>
    </ClCompile>
    <ClCompile Include="11726.cpp">
      <Filter>소스 파일\2</Filter>
    </ClCompile>
    <ClCompile Include="11727.cpp">
      <Filter>소스 파일\2</Filter>
    </ClCompile>
    <ClCompile Include="9095.cpp">
      <Filter>소스 파일\2</Filter>
    </ClCompile>
    <ClCompile Include="10844.cpp">
      <Filter>소스 파일\2</Filter>
    </ClCompile>
    <ClCompile Include="11057.cpp">
      <Filter>소스 파일\2</Filter>
    </ClCompile>
    <ClCompile Include="2193.cpp">
      <Filter>소스 파일\2</Filter>
    </ClCompile>
    <ClCompile Include="9465.cpp">
      <Filter>소스 파일\2</Filter>
    </ClCompile>
    <ClCompile Include="2156.cpp">
      <Filter>소스 파일\2</Filter>
    </ClCompile>
    <ClCompile Include="11053.cpp">
      <Filter>소스 파일\2</Filter>
    </ClCompile>
    <ClCompile Include="11722.cpp">
      <Filter>소스 파일\2</Filter>
    </ClCompile>
    <ClCompile Include="11054.cpp">
      <Filter>소스 파일\2</Filter>
    </ClCompile>
    <ClCompile Include="11055.cpp">
      <Filter>소스 파일\2</Filter>
    </ClCompile>
    <ClCompile Include="1912.cpp">
      <Filter>소스 파일\2</Filter>
    </ClCompile>
    <ClCompile Include="2579.cpp">
      <Filter>소스 파일\2</Filter>
    </ClCompile>
    <ClCompile Include="1699.cpp">
      <Filter>소스 파일\2</Filter>
    </ClCompile>
    <ClCompile Include="2133.cpp">
      <Filter>소스 파일\2</Filter>
    </ClCompile>
    <ClCompile Include="9461.cpp">
      <Filter>소스 파일\2</Filter>
    </ClCompile>
    <ClCompile Include="2225.cpp">
      <Filter>소스 파일\2</Filter>
    </ClCompile>
    <ClCompile Include="2011.cpp">
      <Filter>소스 파일\2</Filter>
    </ClCompile>
    <ClCompile Include="11052.cpp">
      <Filter>소스 파일\2</Filter>
    </ClCompile>
    <ClCompile Include="2751.cpp">
      <Filter>소스 파일\3</Filter>
    </ClCompile>
    <ClCompile Include="11650.cpp">
      <Filter>소스 파일\3</Filter>
    </ClCompile>
    <ClCompile Include="11651.cpp">
      <Filter>소스 파일\3</Filter>
    </ClCompile>
    <ClCompile Include="10814.cpp">
      <Filter>소스 파일\3</Filter>
    </ClCompile>
    <ClCompile Include="10825.cpp">
      <Filter>소스 파일\3</Filter>
    </ClCompile>
    <ClCompile Include="10989.cpp">
      <Filter>소스 파일\3</Filter>
    </ClCompile>
    <ClCompile Include="11652.cpp">
      <Filter>소스 파일\3</Filter>
    </ClCompile>
    <ClCompile Include="11004.cpp">
      <Filter>소스 파일\3</Filter>
    </ClCompile>
    <ClCompile Include="10828.cpp">
      <Filter>소스 파일\3</Filter>
    </ClCompile>
    <ClCompile Include="9012.cpp">
      <Filter>소스 파일\3</Filter>
    </ClCompile>
    <ClCompile Include="10799.cpp">
      <Filter>소스 파일\3</Filter>
    </ClCompile>
    <ClCompile Include="10845.cpp">
      <Filter>소스 파일\3</Filter>
    </ClCompile>
    <ClCompile Include="10866.cpp">
      <Filter>소스 파일\3</Filter>
    </ClCompile>
    <ClCompile Include="10808.cpp">
      <Filter>소스 파일\3</Filter>
    </ClCompile>
    <ClCompile Include="10809.cpp">
      <Filter>소스 파일\3</Filter>
    </ClCompile>
    <ClCompile Include="10820.cpp">
      <Filter>소스 파일\3</Filter>
    </ClCompile>
    <ClCompile Include="2743.cpp">
      <Filter>소스 파일\3</Filter>
    </ClCompile>
    <ClCompile Include="11655.cpp">
      <Filter>소스 파일\3</Filter>
    </ClCompile>
    <ClCompile Include="10824.cpp">
      <Filter>소스 파일\3</Filter>
    </ClCompile>
    <ClCompile Include="11656.cpp">
      <Filter>소스 파일\3</Filter>
    </ClCompile>
    <ClCompile Include="1406.cpp">
      <Filter>소스 파일\3</Filter>
    </ClCompile>
    <ClCompile Include="1158.cpp">
      <Filter>소스 파일\3</Filter>
    </ClCompile>
    <ClCompile Include="1168.cpp">
      <Filter>소스 파일\3</Filter>
    </ClCompile>
    <ClCompile Include="10430.cpp">
      <Filter>소스 파일\3</Filter>
    </ClCompile>
    <ClCompile Include="2609.cpp">
      <Filter>소스 파일\3</Filter>
    </ClCompile>
    <ClCompile Include="1934.cpp">
      <Filter>소스 파일\3</Filter>
    </ClCompile>
    <ClCompile Include="1850.cpp">
      <Filter>소스 파일\3</Filter>
    </ClCompile>
    <ClCompile Include="9613.cpp">
      <Filter>소스 파일\3</Filter>
    </ClCompile>
    <ClCompile Include="11005.cpp">
      <Filter>소스 파일\3</Filter>
    </ClCompile>
    <ClCompile Include="2745.cpp">
      <Filter>소스 파일\3</Filter>
    </ClCompile>
    <ClCompile Include="1373.cpp">
      <Filter>소스 파일\3</Filter>
    </ClCompile>
    <ClCompile Include="1212.cpp">
      <Filter>소스 파일\3</Filter>
    </ClCompile>
    <ClCompile Include="2089.cpp">
      <Filter>소스 파일\3</Filter>
    </ClCompile>
    <ClCompile Include="11576.cpp">
      <Filter>소스 파일\3</Filter>
    </ClCompile>
    <ClCompile Include="1978.cpp">
      <Filter>소스 파일\3</Filter>
    </ClCompile>
    <ClCompile Include="1929.cpp">
      <Filter>소스 파일\3</Filter>
    </ClCompile>
    <ClCompile Include="6588.cpp">
      <Filter>소스 파일\3</Filter>
    </ClCompile>
    <ClCompile Include="10026.cpp">
      <Filter>소스 파일\Study</Filter>
    </ClCompile>
    <ClCompile Include="4811.cpp">
      <Filter>소스 파일\Study</Filter>
    </ClCompile>
    <ClCompile Include="11653.cpp">
      <Filter>소스 파일\3</Filter>
    </ClCompile>
    <ClCompile Include="10872.cpp">
      <Filter>소스 파일\3</Filter>
    </ClCompile>
    <ClCompile Include="1676.cpp">
      <Filter>소스 파일\3</Filter>
    </ClCompile>
    <ClCompile Include="2004.cpp">
      <Filter>소스 파일\3</Filter>
    </ClCompile>
    <ClCompile Include="1260.cpp">
      <Filter>소스 파일\4</Filter>
    </ClCompile>
    <ClCompile Include="11724.cpp">
      <Filter>소스 파일\4</Filter>
    </ClCompile>
    <ClCompile Include="1707.cpp">
      <Filter>소스 파일\4</Filter>
    </ClCompile>
    <ClCompile Include="10451.cpp">
      <Filter>소스 파일\4</Filter>
    </ClCompile>
    <ClCompile Include="2331.cpp">
      <Filter>소스 파일\4</Filter>
    </ClCompile>
    <ClCompile Include="9466.cpp">
      <Filter>소스 파일\4</Filter>
    </ClCompile>
    <ClCompile Include="2667.cpp">
      <Filter>소스 파일\4</Filter>
    </ClCompile>
    <ClCompile Include="4963.cpp">
      <Filter>소스 파일\4</Filter>
    </ClCompile>
    <ClCompile Include="7576.cpp">
      <Filter>소스 파일\4</Filter>
    </ClCompile>
    <ClCompile Include="2178.cpp">
      <Filter>소스 파일\4</Filter>
    </ClCompile>
    <ClCompile Include="2146.cpp">
      <Filter>소스 파일\4</Filter>
    </ClCompile>
    <ClCompile Include="1991.cpp">
      <Filter>소스 파일\4</Filter>
    </ClCompile>
    <ClCompile Include="11725.cpp">
      <Filter>소스 파일\4</Filter>
    </ClCompile>
    <ClCompile Include="1167.cpp">
      <Filter>소스 파일\4</Filter>
    </ClCompile>
    <ClCompile Include="1967.cpp">
      <Filter>소스 파일\4</Filter>
    </ClCompile>
    <ClCompile Include="1654.cpp">
      <Filter>소스 파일\5</Filter>
    </ClCompile>
    <ClCompile Include="2805.cpp">
      <Filter>소스 파일\5</Filter>
    </ClCompile>
    <ClCompile Include="2110.cpp">
      <Filter>소스 파일\5</Filter>
    </ClCompile>
    <ClCompile Include="10815.cpp">
      <Filter>소스 파일\5</Filter>
    </ClCompile>
    <ClCompile Include="13460.cpp">
      <Filter>소스 파일\SamSung</Filter>
    </ClCompile>
    <ClCompile Include="12100.cpp">
      <Filter>소스 파일\SamSung</Filter>
    </ClCompile>
    <ClCompile Include="3190.cpp">
      <Filter>소스 파일\SamSung</Filter>
    </ClCompile>
    <ClCompile Include="13458.cpp">
      <Filter>소스 파일\SamSung</Filter>
    </ClCompile>
    <ClCompile Include="14499.cpp">
      <Filter>소스 파일\SamSung</Filter>
    </ClCompile>
    <ClCompile Include="14500.cpp">
      <Filter>소스 파일\SamSung</Filter>
    </ClCompile>
    <ClCompile Include="14501.cpp">
      <Filter>소스 파일\SamSung</Filter>
    </ClCompile>
    <ClCompile Include="14502.cpp">
      <Filter>소스 파일\SamSung</Filter>
    </ClCompile>
    <ClCompile Include="14503.cpp">
      <Filter>소스 파일\SamSung</Filter>
    </ClCompile>
    <ClCompile Include="14888.cpp">
      <Filter>소스 파일\SamSung</Filter>
    </ClCompile>
    <ClCompile Include="14889.cpp">
      <Filter>소스 파일\SamSung</Filter>
    </ClCompile>
    <ClCompile Include="14890.cpp">
      <Filter>소스 파일\SamSung</Filter>
    </ClCompile>
    <ClCompile Include="14891.cpp">
      <Filter>소스 파일\SamSung</Filter>
    </ClCompile>
    <ClCompile Include="15683.cpp">
      <Filter>소스 파일\SamSung</Filter>
    </ClCompile>
    <ClCompile Include="15684.cpp">
      <Filter>소스 파일\SamSung</Filter>
    </ClCompile>
    <ClCompile Include="15685.cpp">
      <Filter>소스 파일\SamSung</Filter>
    </ClCompile>
    <ClCompile Include="15686.cpp">
      <Filter>소스 파일\SamSung</Filter>
    </ClCompile>
    <ClCompile Include="5373.cpp">
      <Filter>소스 파일\SamSung</Filter>
    </ClCompile>
    <ClCompile Include="16234.cpp">
      <Filter>소스 파일\SamSung</Filter>
    </ClCompile>
    <ClCompile Include="16235.cpp">
      <Filter>소스 파일\SamSung</Filter>
    </ClCompile>
    <ClCompile Include="2503.cpp">
      <Filter>소스 파일\SamSung</Filter>
    </ClCompile>
    <ClCompile Include="16236.cpp">
      <Filter>소스 파일\SamSung</Filter>
    </ClCompile>
    <ClCompile Include="17144.cpp">
      <Filter>소스 파일\SamSung</Filter>
    </ClCompile>
    <ClCompile Include="17143.cpp">
      <Filter>소스 파일\SamSung</Filter>
    </ClCompile>
    <ClCompile Include="16360.cpp">
      <Filter>소스 파일\icpc</Filter>
    </ClCompile>
    <ClCompile Include="17140.cpp">
      <Filter>소스 파일\SamSung</Filter>
    </ClCompile>
    <ClCompile Include="17142.cpp">
      <Filter>소스 파일\SamSung</Filter>
    </ClCompile>
    <ClCompile Include="3184.cpp">
      <Filter>소스 파일\Study_2</Filter>
    </ClCompile>
    <ClCompile Include="2210.cpp">
      <Filter>소스 파일\Study_2</Filter>
    </ClCompile>
    <ClCompile Include="5213.cpp">
      <Filter>소스 파일\Study_2</Filter>
    </ClCompile>
    <ClCompile Include="17070.cpp">
      <Filter>소스 파일\SamSung</Filter>
    </ClCompile>
    <ClCompile Include="17135.cpp">
      <Filter>소스 파일\SamSung</Filter>
    </ClCompile>
    <ClCompile Include="16985.cpp">
      <Filter>소스 파일\SamSung</Filter>
    </ClCompile>
    <ClCompile Include="11559.cpp">
      <Filter>소스 파일\SamSung</Filter>
    </ClCompile>
    <ClCompile Include="16197.cpp">
      <Filter>소스 파일\SamSung</Filter>
    </ClCompile>
    <ClCompile Include="SW_1767.cpp">
      <Filter>소스 파일\SW_Expert_Academy</Filter>
    </ClCompile>
    <ClCompile Include="3055.cpp">
      <Filter>소스 파일\SamSung</Filter>
    </ClCompile>
    <ClCompile Include="2529.cpp">
      <Filter>소스 파일\SamSung</Filter>
    </ClCompile>
    <ClCompile Include="3987.cpp">
      <Filter>소스 파일\SamSung</Filter>
    </ClCompile>
    <ClCompile Include="2174.cpp">
      <Filter>소스 파일\SamSung</Filter>
    </ClCompile>
    <ClCompile Include="16946.cpp">
      <Filter>소스 파일\SamSung</Filter>
    </ClCompile>
  </ItemGroup>
</Project>